
Microsoft Visual Studio Solution File, Format Version 12.00
# Visual Studio 15
VisualStudioVersion = 15.0.28010.2041
MinimumVisualStudioVersion = 10.0.40219.1
Project("{8BC9CEB8-8B4A-11D0-8D11-00A0C91BC942}") = "Server", "Server\Server.vcxproj", "{60C6BF1D-C311-442A-A2B7-921785BAB99A}"
EndProject
Project("{8BC9CEB8-8B4A-11D0-8D11-00A0C91BC942}") = "Client", "Client\Client.vcxproj", "{2FE1A199-0156-4E6A-813D-B45F6BE02B88}"
EndProject
Global
	GlobalSection(SolutionConfigurationPlatforms) = preSolution
		Debug|x64 = Debug|x64
		Debug|x86 = Debug|x86
		Release|x64 = Release|x64
		Release|x86 = Release|x86
	EndGlobalSection
	GlobalSection(ProjectConfigurationPlatforms) = postSolution
		{60C6BF1D-C311-442A-A2B7-921785BAB99A}.Debug|x64.ActiveCfg = Debug|x64
		{60C6BF1D-C311-442A-A2B7-921785BAB99A}.Debug|x64.Build.0 = Debug|x64
		{60C6BF1D-C311-442A-A2B7-921785BAB99A}.Debug|x86.ActiveCfg = Debug|Win32
		{60C6BF1D-C311-442A-A2B7-921785BAB99A}.Debug|x86.Build.0 = Debug|Win32
		{60C6BF1D-C311-442A-A2B7-921785BAB99A}.Release|x64.ActiveCfg = Release|x64
		{60C6BF1D-C311-442A-A2B7-921785BAB99A}.Release|x64.Build.0 = Release|x64
		{60C6BF1D-C311-442A-A2B7-921785BAB99A}.Release|x86.ActiveCfg = Release|Win32
		{60C6BF1D-C311-442A-A2B7-921785BAB99A}.Release|x86.Build.0 = Release|Win32
		{2FE1A199-0156-4E6A-813D-B45F6BE02B88}.Debug|x64.ActiveCfg = Debug|x64
		{2FE1A199-0156-4E6A-813D-B45F6BE02B88}.Debug|x64.Build.0 = Debug|x64
		{2FE1A199-0156-4E6A-813D-B45F6BE02B88}.Debug|x86.ActiveCfg = Debug|Win32
		{2FE1A199-0156-4E6A-813D-B45F6BE02B88}.Debug|x86.Build.0 = Debug|Win32
		{2FE1A199-0156-4E6A-813D-B45F6BE02B88}.Release|x64.ActiveCfg = Release|x64
		{2FE1A199-0156-4E6A-813D-B45F6BE02B88}.Release|x64.Build.0 = Release|x64
		{2FE1A199-0156-4E6A-813D-B45F6BE02B88}.Release|x86.ActiveCfg = Release|Win32
		{2FE1A199-0156-4E6A-813D-B45F6BE02B88}.Release|x86.Build.0 = Release|Win32
	EndGlobalSection
	GlobalSection(SolutionProperties) = preSolution
		HideSolutionNode = FALSE
	EndGlobalSection
	GlobalSection(ExtensibilityGlobals) = postSolution
		SolutionGuid = {0B20FF04-FE5C-42C9-9706-BA38A7927C0A}
	EndGlobalSection
EndGlobal
